{
  "version": 4,
  "terraform_version": "1.12.0",
  "serial": 8,
  "lineage": "9da914d9-70fc-a596-6177-39e7305bf52d",
  "outputs": {
    "external_ip_address_vm_2": {
      "value": "89.169.182.121",
      "type": "string"
    },
    "internal_ip_address_vm_2": {
      "value": "10.129.0.30",
      "type": "string"
    }
  },
  "resources": [
    {
      "mode": "data",
      "type": "yandex_vpc_subnet",
      "name": "default_subnet",
      "provider": "provider[\"registry.terraform.io/yandex-cloud/yandex\"]",
      "instances": [
        {
          "schema_version": 0,
          "attributes": {
            "created_at": "2024-09-21T12:12:51Z",
            "description": "Auto-created default subnet for zone ru-central1-b in default",
            "dhcp_options": [],
            "folder_id": "b1gdvic6l0c0tce4fov6",
            "id": "e2l5nouem7nkfrrjhdcr",
            "labels": {},
            "name": "default-ru-central1-b",
            "network_id": "enp4mmp0s2ri4i12pqrq",
            "route_table_id": "",
            "subnet_id": "e2l5nouem7nkfrrjhdcr",
            "v4_cidr_blocks": [
              "10.129.0.0/24"
            ],
            "v6_cidr_blocks": [],
            "zone": "ru-central1-b"
          },
          "sensitive_attributes": [],
          "identity_schema_version": 0
        }
      ]
    },
    {
      "mode": "managed",
      "type": "yandex_compute_disk",
      "name": "boot-disk-2",
      "provider": "provider[\"registry.terraform.io/yandex-cloud/yandex\"]",
      "instances": [
        {
          "schema_version": 0,
          "attributes": {
            "allow_recreate": null,
            "block_size": 4096,
            "created_at": "2025-06-21T13:03:32Z",
            "description": "",
            "disk_placement_policy": [
              {
                "disk_placement_group_id": ""
              }
            ],
            "folder_id": "b1gdvic6l0c0tce4fov6",
            "hardware_generation": [
              {
                "generation2_features": [],
                "legacy_features": [
                  {
                    "pci_topology": "PCI_TOPOLOGY_V1"
                  }
                ]
              }
            ],
            "id": "epdvj3u4bp3buahar0d8",
            "image_id": "fd8aus3bfglr6dg9hsbk",
            "kms_key_id": null,
            "labels": null,
            "name": "boot-disk-2",
            "product_ids": [
              "f2etq3erab3oa8i9oba4"
            ],
            "size": 10,
            "snapshot_id": "",
            "status": "ready",
            "timeouts": null,
            "type": "network-ssd",
            "zone": "ru-central1-b"
          },
          "sensitive_attributes": [],
          "identity_schema_version": 0,
          "private": "eyJlMmJmYjczMC1lY2FhLTExZTYtOGY4OC0zNDM2M2JjN2M0YzAiOnsiY3JlYXRlIjozMDAwMDAwMDAwMDAsImRlbGV0ZSI6MzAwMDAwMDAwMDAwLCJ1cGRhdGUiOjMwMDAwMDAwMDAwMH19"
        }
      ]
    },
    {
      "mode": "managed",
      "type": "yandex_compute_instance",
      "name": "vm-2",
      "provider": "provider[\"registry.terraform.io/yandex-cloud/yandex\"]",
      "instances": [
        {
          "schema_version": 1,
          "attributes": {
            "allow_recreate": null,
            "allow_stopping_for_update": null,
            "boot_disk": [
              {
                "auto_delete": true,
                "device_name": "epdvj3u4bp3buahar0d8",
                "disk_id": "epdvj3u4bp3buahar0d8",
                "initialize_params": [
                  {
                    "block_size": 4096,
                    "description": "",
                    "image_id": "fd8aus3bfglr6dg9hsbk",
                    "kms_key_id": "",
                    "name": "boot-disk-2",
                    "size": 10,
                    "snapshot_id": "",
                    "type": "network-ssd"
                  }
                ],
                "mode": "READ_WRITE"
              }
            ],
            "created_at": "2025-06-21T13:03:44Z",
            "description": "",
            "filesystem": [],
            "folder_id": "b1gdvic6l0c0tce4fov6",
            "fqdn": "epdjv40qosr4rutid39p.auto.internal",
            "gpu_cluster_id": "",
            "hardware_generation": [
              {
                "generation2_features": [],
                "legacy_features": [
                  {
                    "pci_topology": "PCI_TOPOLOGY_V1"
                  }
                ]
              }
            ],
            "hostname": "",
            "id": "epdjv40qosr4rutid39p",
            "labels": null,
            "local_disk": [],
            "maintenance_grace_period": "",
            "maintenance_policy": null,
            "metadata": {
              "ssh-keys": "ubuntu:ssh-ed25519 AAAAC3NzaC1lZDI1NTE5AAAAIMTK2MglO5G9TkGK6T7tjx2GLa9TEyw2a4UQ8ftyyhDW \u003cопциональный_комментарий\u003e\r\n"
            },
            "metadata_options": [
              {
                "aws_v1_http_endpoint": 1,
                "aws_v1_http_token": 2,
                "gce_http_endpoint": 1,
                "gce_http_token": 1
              }
            ],
            "name": "terraform2",
            "network_acceleration_type": "standard",
            "network_interface": [
              {
                "dns_record": [],
                "index": 0,
                "ip_address": "10.129.0.30",
                "ipv4": true,
                "ipv6": false,
                "ipv6_address": "",
                "ipv6_dns_record": [],
                "mac_address": "d0:0d:13:f9:01:ac",
                "nat": true,
                "nat_dns_record": [],
                "nat_ip_address": "89.169.182.121",
                "nat_ip_version": "IPV4",
                "security_group_ids": [],
                "subnet_id": "e2l5nouem7nkfrrjhdcr"
              }
            ],
            "placement_policy": [
              {
                "host_affinity_rules": [],
                "placement_group_id": "",
                "placement_group_partition": 0
              }
            ],
            "platform_id": "standard-v1",
            "resources": [
              {
                "core_fraction": 100,
                "cores": 2,
                "gpus": 0,
                "memory": 4
              }
            ],
            "scheduling_policy": [
              {
                "preemptible": false
              }
            ],
            "secondary_disk": [],
            "service_account_id": "",
            "status": "running",
            "timeouts": null,
            "zone": "ru-central1-b"
          },
          "sensitive_attributes": [],
          "identity_schema_version": 0,
          "private": "eyJlMmJmYjczMC1lY2FhLTExZTYtOGY4OC0zNDM2M2JjN2M0YzAiOnsiY3JlYXRlIjozMDAwMDAwMDAwMDAsImRlbGV0ZSI6MzAwMDAwMDAwMDAwLCJ1cGRhdGUiOjMwMDAwMDAwMDAwMH0sInNjaGVtYV92ZXJzaW9uIjoiMSJ9",
          "dependencies": [
            "data.yandex_vpc_subnet.default_subnet",
            "yandex_compute_disk.boot-disk-2"
          ]
        }
      ]
    },
    {
      "mode": "managed",
      "type": "yandex_kubernetes_cluster",
      "name": "k8s-cluster",
      "provider": "provider[\"registry.terraform.io/yandex-cloud/yandex\"]",
      "instances": [
        {
          "schema_version": 0,
          "attributes": {
            "cluster_ipv4_range": "10.112.0.0/16",
            "cluster_ipv6_range": "",
            "created_at": "2025-06-21T13:03:34Z",
            "description": "",
            "folder_id": "b1gdvic6l0c0tce4fov6",
            "health": "healthy",
            "id": "catbgla9sc271f0of23j",
            "kms_provider": [],
            "labels": {},
            "log_group_id": "",
            "master": [
              {
                "cluster_ca_certificate": "-----BEGIN CERTIFICATE-----\nMIIC5zCCAc+gAwIBAgIBADANBgkqhkiG9w0BAQsFADAVMRMwEQYDVQQDEwprdWJl\ncm5ldGVzMB4XDTI1MDYyMTEzMDM1MloXDTM1MDYxOTEzMDM1MlowFTETMBEGA1UE\nAxMKa3ViZXJuZXRlczCCASIwDQYJKoZIhvcNAQEBBQADggEPADCCAQoCggEBAOu5\n69Uvi6/+y0OIx6jys4Jmkfc7nU3dWPsNJsPyCAU3UTjbEwRLA7zR8XvVv1flHF8Y\n61PKX9Z6q7AvuJ1EgcTvEDoEISzwHP/GdWLbJHhTQq3qMQuqN8bm4zJIgsJIUXtI\nBA/qjxN1a4NmrGYvAlnfGSP9pcX+EQn+1wQrIP7xwvn6FVIjyo8o3QidR8ivVxi8\n8DZ9ojbRw/hDZBNtVbKFXnQHaSAVX4qwn8hdsmAf3KceQuNqN8ng/c4lRhh6i8s3\n70E7cS+yIOkOakv6c9yt24hjeU5hpOcg+LeBxlGtgEZEAzGqDeqU6gT8Ofch+jYD\nJLBTURA1CKqbeM31NKMCAwEAAaNCMEAwDgYDVR0PAQH/BAQDAgKkMA8GA1UdEwEB\n/wQFMAMBAf8wHQYDVR0OBBYEFCMri7RX7vN98cBB3YA86gbw195zMA0GCSqGSIb3\nDQEBCwUAA4IBAQA1pFkhYM3rAoySRDMUyCDytamGDVmN0/JVCxOHl202G3/1/kgv\nJ0eLHi2urHTwH1PfJet/RaOiF4yKG/+eGb1U1x7pFjaXL2fU/M8xAFbVaS/NJMEJ\n+05Bz3YrF0M3bcp92GP2K5lwEeGQLnEPBE1VTa3K2cpfgxPulJSAGRcOvHaYHpva\ntg5T5XawsUPPJfNAZ5YGB2Zb42CG69id5H3YCVyQVlFQJ3icp9R2yyg2PhO81uGO\nj8qF9nusMJ+lJXRG5bTbjsN++mNbZc8RZK3iYq2CVXfmHUHgEmnZWzPwEBEoloup\nUP6kLl5S8GrCurvjCqau6f35bcqE+RScY0N6\n-----END CERTIFICATE-----\n",
                "etcd_cluster_size": 1,
                "external_v4_address": "51.250.37.108",
                "external_v4_endpoint": "https://51.250.37.108",
                "external_v6_address": "",
                "external_v6_endpoint": "",
                "internal_v4_address": "192.168.10.18",
                "internal_v4_endpoint": "https://192.168.10.18",
                "maintenance_policy": [
                  {
                    "auto_upgrade": true,
                    "maintenance_window": []
                  }
                ],
                "master_location": [
                  {
                    "subnet_id": "fl8r4926oueqqs3qj49m",
                    "zone": "ru-central1-d"
                  }
                ],
                "master_logging": [],
                "public_ip": true,
                "regional": [],
                "security_group_ids": null,
                "version": "1.29",
                "version_info": [
                  {
                    "current_version": "1.29",
                    "new_revision_available": false,
                    "new_revision_summary": "",
                    "version_deprecated": false
                  }
                ],
                "zonal": [
                  {
                    "subnet_id": "fl8r4926oueqqs3qj49m",
                    "zone": "ru-central1-d"
                  }
                ]
              }
            ],
            "name": "k8s-lab3",
            "network_id": "enpdenc3ic00tss07nr9",
            "network_implementation": [],
            "network_policy_provider": null,
            "node_ipv4_cidr_mask_size": 24,
            "node_service_account_id": "ajeb5guordceis9joibo",
            "release_channel": "REGULAR",
            "service_account_id": "ajeb5guordceis9joibo",
            "service_ipv4_range": "10.96.0.0/16",
            "service_ipv6_range": "",
            "status": "running",
            "timeouts": null
          },
          "sensitive_attributes": [],
          "identity_schema_version": 0,
          "private": "eyJlMmJmYjczMC1lY2FhLTExZTYtOGY4OC0zNDM2M2JjN2M0YzAiOnsiY3JlYXRlIjoxODAwMDAwMDAwMDAwLCJkZWxldGUiOjEyMDAwMDAwMDAwMDAsInJlYWQiOjMwMDAwMDAwMDAwMCwidXBkYXRlIjoxODAwMDAwMDAwMDAwfX0=",
          "dependencies": [
            "yandex_vpc_network.network-1",
            "yandex_vpc_subnet.subnet-1"
          ]
        }
      ]
    },
    {
      "mode": "managed",
      "type": "yandex_kubernetes_node_group",
      "name": "k8s-nodes",
      "provider": "provider[\"registry.terraform.io/yandex-cloud/yandex\"]",
      "instances": [
        {
          "schema_version": 0,
          "attributes": {
            "allocation_policy": [
              {
                "location": [
                  {
                    "subnet_id": "fl8r4926oueqqs3qj49m",
                    "zone": "ru-central1-d"
                  }
                ]
              }
            ],
            "allowed_unsafe_sysctls": null,
            "cluster_id": "catbgla9sc271f0of23j",
            "created_at": "2025-06-21T13:14:43Z",
            "deploy_policy": [
              {
                "max_expansion": 3,
                "max_unavailable": 0
              }
            ],
            "description": "",
            "id": "catopsa9m6c10va4e7e6",
            "instance_group_id": "cl1rbrq5jcb8t837i986",
            "instance_template": [
              {
                "boot_disk": [
                  {
                    "size": 64,
                    "type": "network-ssd"
                  }
                ],
                "container_network": [
                  {
                    "pod_mtu": 0
                  }
                ],
                "container_runtime": [],
                "gpu_settings": [],
                "labels": null,
                "metadata": {},
                "name": "",
                "nat": true,
                "network_acceleration_type": "type_unspecified",
                "network_interface": [
                  {
                    "ipv4": true,
                    "ipv4_dns_records": [],
                    "ipv6": false,
                    "ipv6_dns_records": [],
                    "nat": true,
                    "security_group_ids": null,
                    "subnet_ids": [
                      "fl8r4926oueqqs3qj49m"
                    ]
                  }
                ],
                "placement_policy": [],
                "platform_id": "standard-v2",
                "resources": [
                  {
                    "core_fraction": 100,
                    "cores": 2,
                    "gpus": 0,
                    "memory": 4
                  }
                ],
                "scheduling_policy": [
                  {
                    "preemptible": false
                  }
                ]
              }
            ],
            "labels": {},
            "maintenance_policy": [
              {
                "auto_repair": true,
                "auto_upgrade": true,
                "maintenance_window": []
              }
            ],
            "name": "k8s-nodes",
            "node_labels": null,
            "node_taints": null,
            "scale_policy": [
              {
                "auto_scale": [],
                "fixed_scale": [
                  {
                    "size": 2
                  }
                ]
              }
            ],
            "status": "running",
            "timeouts": null,
            "version": "1.29",
            "version_info": [
              {
                "current_version": "1.29",
                "new_revision_available": false,
                "new_revision_summary": "",
                "version_deprecated": false
              }
            ]
          },
          "sensitive_attributes": [],
          "identity_schema_version": 0,
          "private": "eyJlMmJmYjczMC1lY2FhLTExZTYtOGY4OC0zNDM2M2JjN2M0YzAiOnsiY3JlYXRlIjozNjAwMDAwMDAwMDAwLCJkZWxldGUiOjEyMDAwMDAwMDAwMDAsInJlYWQiOjYwMDAwMDAwMDAwMCwidXBkYXRlIjozNjAwMDAwMDAwMDAwfX0=",
          "dependencies": [
            "yandex_kubernetes_cluster.k8s-cluster",
            "yandex_vpc_network.network-1",
            "yandex_vpc_subnet.subnet-1"
          ]
        }
      ]
    },
    {
      "mode": "managed",
      "type": "yandex_vpc_network",
      "name": "network-1",
      "provider": "provider[\"registry.terraform.io/yandex-cloud/yandex\"]",
      "instances": [
        {
          "schema_version": 0,
          "attributes": {
            "created_at": "2025-06-21T13:03:32Z",
            "default_security_group_id": "enp57tpo7jr9saome4sp",
            "description": "",
            "folder_id": "b1gdvic6l0c0tce4fov6",
            "id": "enpdenc3ic00tss07nr9",
            "labels": {},
            "name": "network1",
            "subnet_ids": [],
            "timeouts": null
          },
          "sensitive_attributes": [],
          "identity_schema_version": 0,
          "private": "eyJlMmJmYjczMC1lY2FhLTExZTYtOGY4OC0zNDM2M2JjN2M0YzAiOnsiY3JlYXRlIjo2MDAwMDAwMDAwMCwiZGVsZXRlIjo2MDAwMDAwMDAwMCwidXBkYXRlIjo2MDAwMDAwMDAwMH19"
        }
      ]
    },
    {
      "mode": "managed",
      "type": "yandex_vpc_subnet",
      "name": "subnet-1",
      "provider": "provider[\"registry.terraform.io/yandex-cloud/yandex\"]",
      "instances": [
        {
          "schema_version": 0,
          "attributes": {
            "created_at": "2025-06-21T13:03:34Z",
            "description": "",
            "dhcp_options": [],
            "folder_id": "b1gdvic6l0c0tce4fov6",
            "id": "fl8r4926oueqqs3qj49m",
            "labels": {},
            "name": "subnet1",
            "network_id": "enpdenc3ic00tss07nr9",
            "route_table_id": "",
            "timeouts": null,
            "v4_cidr_blocks": [
              "192.168.10.0/24"
            ],
            "v6_cidr_blocks": [],
            "zone": "ru-central1-d"
          },
          "sensitive_attributes": [],
          "identity_schema_version": 0,
          "private": "eyJlMmJmYjczMC1lY2FhLTExZTYtOGY4OC0zNDM2M2JjN2M0YzAiOnsiY3JlYXRlIjoxODAwMDAwMDAwMDAsImRlbGV0ZSI6MTgwMDAwMDAwMDAwLCJ1cGRhdGUiOjE4MDAwMDAwMDAwMH19",
          "dependencies": [
            "yandex_vpc_network.network-1"
          ]
        }
      ]
    }
  ],
  "check_results": null
}
