{
  "version": 4,
  "terraform_version": "1.12.0",
  "serial": 14,
  "lineage": "bb100373-5f2d-8ebe-8b3a-3a44b29e5561",
  "outputs": {
    "app_url": {
      "value": "http://84.201.179.252:$(kubectl get svc my-csharp-server -o jsonpath=\"{.spec.ports[0].nodePort}\")",
      "type": "string"
    }
  },
  "resources": [
    {
      "mode": "data",
      "type": "yandex_vpc_subnet",
      "name": "default_subnet",
      "provider": "provider[\"registry.terraform.io/yandex-cloud/yandex\"]",
      "instances": [
        {
          "schema_version": 0,
          "attributes": {
            "created_at": "2024-06-14T09:01:07Z",
            "description": "Auto-created default subnet for zone ru-central1-b in default",
            "dhcp_options": [],
            "folder_id": "b1gvi1bb4cvmv01crtda",
            "id": "e2lkjr0nbefj7nipnvs4",
            "labels": {},
            "name": "default-ru-central1-b",
            "network_id": "enp0ttfbobgv4sl5umgu",
            "route_table_id": "",
            "subnet_id": "e2lkjr0nbefj7nipnvs4",
            "v4_cidr_blocks": [
              "10.129.0.0/24"
            ],
            "v6_cidr_blocks": [],
            "zone": "ru-central1-b"
          },
          "sensitive_attributes": [],
          "identity_schema_version": 0
        }
      ]
    },
    {
      "mode": "managed",
      "type": "yandex_compute_disk",
      "name": "boot-disk-2",
      "provider": "provider[\"registry.terraform.io/yandex-cloud/yandex\"]",
      "instances": [
        {
          "schema_version": 0,
          "attributes": {
            "allow_recreate": null,
            "block_size": 4096,
            "created_at": "2025-06-12T08:30:19Z",
            "description": "",
            "disk_placement_policy": [
              {
                "disk_placement_group_id": ""
              }
            ],
            "folder_id": "b1gvi1bb4cvmv01crtda",
            "hardware_generation": [
              {
                "generation2_features": [],
                "legacy_features": [
                  {
                    "pci_topology": "PCI_TOPOLOGY_V1"
                  }
                ]
              }
            ],
            "id": "epdgcjnc2jn519hk6nih",
            "image_id": "fd8aus3bfglr6dg9hsbk",
            "kms_key_id": null,
            "labels": {},
            "name": "boot-disk-3",
            "product_ids": [
              "f2etq3erab3oa8i9oba4"
            ],
            "size": 35,
            "snapshot_id": "",
            "status": "ready",
            "timeouts": null,
            "type": "network-ssd",
            "zone": "ru-central1-b"
          },
          "sensitive_attributes": [],
          "identity_schema_version": 0,
          "private": "eyJlMmJmYjczMC1lY2FhLTExZTYtOGY4OC0zNDM2M2JjN2M0YzAiOnsiY3JlYXRlIjozMDAwMDAwMDAwMDAsImRlbGV0ZSI6MzAwMDAwMDAwMDAwLCJ1cGRhdGUiOjMwMDAwMDAwMDAwMH19"
        }
      ]
    },
    {
      "mode": "managed",
      "type": "yandex_compute_instance",
      "name": "vm-2",
      "provider": "provider[\"registry.terraform.io/yandex-cloud/yandex\"]",
      "instances": [
        {
          "schema_version": 1,
          "attributes": {
            "allow_recreate": null,
            "allow_stopping_for_update": null,
            "boot_disk": [
              {
                "auto_delete": true,
                "device_name": "epdgcjnc2jn519hk6nih",
                "disk_id": "epdgcjnc2jn519hk6nih",
                "initialize_params": [
                  {
                    "block_size": 4096,
                    "description": "",
                    "image_id": "fd8aus3bfglr6dg9hsbk",
                    "kms_key_id": "",
                    "name": "boot-disk-3",
                    "size": 35,
                    "snapshot_id": "",
                    "type": "network-ssd"
                  }
                ],
                "mode": "READ_WRITE"
              }
            ],
            "created_at": "2025-06-12T08:30:47Z",
            "description": "",
            "filesystem": [],
            "folder_id": "b1gvi1bb4cvmv01crtda",
            "fqdn": "epdjn6rq1su6oe8mnf5u.auto.internal",
            "gpu_cluster_id": "",
            "hardware_generation": [
              {
                "generation2_features": [],
                "legacy_features": [
                  {
                    "pci_topology": "PCI_TOPOLOGY_V1"
                  }
                ]
              }
            ],
            "hostname": "",
            "id": "epdjn6rq1su6oe8mnf5u",
            "labels": {},
            "local_disk": [],
            "maintenance_grace_period": "",
            "maintenance_policy": null,
            "metadata": {
              "ssh-keys": "ubuntu:ssh-ed25519 AAAAC3NzaC1lZDI1NTE5AAAAIMTK2MglO5G9TkGK6T7tjx2GLa9TEyw2a4UQ8ftyyhDW \u003cопциональный_комментарий\u003e\r\n"
            },
            "metadata_options": [
              {
                "aws_v1_http_endpoint": 1,
                "aws_v1_http_token": 2,
                "gce_http_endpoint": 1,
                "gce_http_token": 1
              }
            ],
            "name": "k8s-server",
            "network_acceleration_type": "standard",
            "network_interface": [
              {
                "dns_record": [],
                "index": 0,
                "ip_address": "10.129.0.14",
                "ipv4": true,
                "ipv6": false,
                "ipv6_address": "",
                "ipv6_dns_record": [],
                "mac_address": "d0:0d:13:b9:b7:a0",
                "nat": true,
                "nat_dns_record": [],
                "nat_ip_address": "84.201.179.252",
                "nat_ip_version": "IPV4",
                "security_group_ids": [],
                "subnet_id": "e2lkjr0nbefj7nipnvs4"
              }
            ],
            "placement_policy": [
              {
                "host_affinity_rules": [],
                "placement_group_id": "",
                "placement_group_partition": 0
              }
            ],
            "platform_id": "standard-v1",
            "resources": [
              {
                "core_fraction": 100,
                "cores": 4,
                "gpus": 0,
                "memory": 4
              }
            ],
            "scheduling_policy": [
              {
                "preemptible": false
              }
            ],
            "secondary_disk": [],
            "service_account_id": "",
            "status": "running",
            "timeouts": null,
            "zone": "ru-central1-b"
          },
          "sensitive_attributes": [],
          "identity_schema_version": 0,
          "private": "eyJlMmJmYjczMC1lY2FhLTExZTYtOGY4OC0zNDM2M2JjN2M0YzAiOnsiY3JlYXRlIjozMDAwMDAwMDAwMDAsImRlbGV0ZSI6MzAwMDAwMDAwMDAwLCJ1cGRhdGUiOjMwMDAwMDAwMDAwMH0sInNjaGVtYV92ZXJzaW9uIjoiMSJ9",
          "dependencies": [
            "data.yandex_vpc_subnet.default_subnet",
            "yandex_compute_disk.boot-disk-2"
          ]
        }
      ]
    }
  ],
  "check_results": null
}
